
Microsoft Visual Studio Solution File, Format Version 12.00
# Visual Studio Version 17
VisualStudioVersion = 17.14.36518.9
MinimumVisualStudioVersion = 10.0.40219.1
Project("{2150E333-8FDC-42A3-9474-1A3956D46DE8}") = "Services", "Services", "{02EA681E-C7D8-13C7-8484-4AC65E1B71E8}"
EndProject
Project("{2150E333-8FDC-42A3-9474-1A3956D46DE8}") = "Catalog", "Catalog", "{1AC7D62F-7600-4871-9E59-C07369BC4245}"
EndProject
Project("{FAE04EC0-301F-11D3-BF4B-00C04F79EFBC}") = "Catalog.API", "Services\Catalog\Catalog.API\Catalog.API.csproj", "{0E57754C-12EF-4DA9-9A8D-F5F3349B96E0}"
EndProject
Project("{2150E333-8FDC-42A3-9474-1A3956D46DE8}") = "BuildingBlocks", "BuildingBlocks", "{CB4F2B2A-8D7C-4CE4-8A3F-7EA8CA1ECE09}"
EndProject
Project("{FAE04EC0-301F-11D3-BF4B-00C04F79EFBC}") = "BuildingBlocks", "BuildingBlocks\BuildingBlocks\BuildingBlocks.csproj", "{F00F7173-F005-4676-890E-B32F33F3302C}"
EndProject
Project("{E53339B2-1760-4266-BCC7-CA923CBCF16C}") = "docker-compose", "docker-compose.dcproj", "{81DDED9D-158B-E303-5F62-77A2896D2A5A}"
EndProject
Project("{2150E333-8FDC-42A3-9474-1A3956D46DE8}") = "Basket", "Basket", "{657F7DB4-928C-4D43-921E-AB6FC85F83EB}"
EndProject
Project("{FAE04EC0-301F-11D3-BF4B-00C04F79EFBC}") = "Basket.API", "Services\Basket\Basket.API\Basket.API.csproj", "{7C7A781E-6820-4423-A2B4-C34668E1085B}"
EndProject
Project("{2150E333-8FDC-42A3-9474-1A3956D46DE8}") = "Discount", "Discount", "{1DEEA5C9-D37B-44DE-B682-B686C2BF98ED}"
EndProject
Project("{FAE04EC0-301F-11D3-BF4B-00C04F79EFBC}") = "Discount.Grpc", "Services\Discount\Discount.Grpc\Discount.Grpc.csproj", "{1CC59484-A1AA-43FD-B202-1178B423B03A}"
EndProject
Project("{2150E333-8FDC-42A3-9474-1A3956D46DE8}") = "Ordering", "Ordering", "{C28CA97C-6B26-4BE4-8B54-1D304B922C41}"
EndProject
Project("{FAE04EC0-301F-11D3-BF4B-00C04F79EFBC}") = "Ordering.API", "Services\Ordering\Ordering.API\Ordering.API.csproj", "{58FC4F97-25D0-43A3-B728-3D98F2688D59}"
EndProject
Project("{FAE04EC0-301F-11D3-BF4B-00C04F79EFBC}") = "Ordering.Domain", "Services\Ordering\Ordering.Domain\Ordering.Domain.csproj", "{19A3DE2B-5B53-484E-BF7A-44081DC6ABAF}"
EndProject
Project("{FAE04EC0-301F-11D3-BF4B-00C04F79EFBC}") = "Ordering.Application", "Services\Ordering\Ordering.Application\Ordering.Application.csproj", "{75885841-59A0-4C53-812E-681D5056121A}"
EndProject
Project("{FAE04EC0-301F-11D3-BF4B-00C04F79EFBC}") = "Ordering.Infrastructure", "Services\Ordering\Ordering.Infrastructure\Ordering.Infrastructure.csproj", "{965E6897-D6AB-48E4-A762-C2A4EBD43E4A}"
EndProject
Project("{FAE04EC0-301F-11D3-BF4B-00C04F79EFBC}") = "BuildingBlocks.Messaging", "BuildingBlocks\BuildingBlocks.Messaging\BuildingBlocks.Messaging.csproj", "{B9188635-AB85-4EF0-A444-8BEA9F712212}"
EndProject
Project("{2150E333-8FDC-42A3-9474-1A3956D46DE8}") = "ApiGateWays", "ApiGateWays", "{98E26506-BE87-480F-90C8-1613A8E3A194}"
EndProject
Project("{FAE04EC0-301F-11D3-BF4B-00C04F79EFBC}") = "YarpApiGateway", "ApiGateways\YarpApiGateway\YarpApiGateway.csproj", "{2DD5BA6A-85E6-4F0B-865A-26493F900104}"
EndProject
Global
	GlobalSection(SolutionConfigurationPlatforms) = preSolution
		Debug|Any CPU = Debug|Any CPU
		Release|Any CPU = Release|Any CPU
	EndGlobalSection
	GlobalSection(ProjectConfigurationPlatforms) = postSolution
		{0E57754C-12EF-4DA9-9A8D-F5F3349B96E0}.Debug|Any CPU.ActiveCfg = Debug|Any CPU
		{0E57754C-12EF-4DA9-9A8D-F5F3349B96E0}.Debug|Any CPU.Build.0 = Debug|Any CPU
		{0E57754C-12EF-4DA9-9A8D-F5F3349B96E0}.Release|Any CPU.ActiveCfg = Release|Any CPU
		{0E57754C-12EF-4DA9-9A8D-F5F3349B96E0}.Release|Any CPU.Build.0 = Release|Any CPU
		{F00F7173-F005-4676-890E-B32F33F3302C}.Debug|Any CPU.ActiveCfg = Debug|Any CPU
		{F00F7173-F005-4676-890E-B32F33F3302C}.Debug|Any CPU.Build.0 = Debug|Any CPU
		{F00F7173-F005-4676-890E-B32F33F3302C}.Release|Any CPU.ActiveCfg = Release|Any CPU
		{F00F7173-F005-4676-890E-B32F33F3302C}.Release|Any CPU.Build.0 = Release|Any CPU
		{81DDED9D-158B-E303-5F62-77A2896D2A5A}.Debug|Any CPU.ActiveCfg = Debug|Any CPU
		{81DDED9D-158B-E303-5F62-77A2896D2A5A}.Debug|Any CPU.Build.0 = Debug|Any CPU
		{81DDED9D-158B-E303-5F62-77A2896D2A5A}.Release|Any CPU.ActiveCfg = Release|Any CPU
		{81DDED9D-158B-E303-5F62-77A2896D2A5A}.Release|Any CPU.Build.0 = Release|Any CPU
		{7C7A781E-6820-4423-A2B4-C34668E1085B}.Debug|Any CPU.ActiveCfg = Debug|Any CPU
		{7C7A781E-6820-4423-A2B4-C34668E1085B}.Debug|Any CPU.Build.0 = Debug|Any CPU
		{7C7A781E-6820-4423-A2B4-C34668E1085B}.Release|Any CPU.ActiveCfg = Release|Any CPU
		{7C7A781E-6820-4423-A2B4-C34668E1085B}.Release|Any CPU.Build.0 = Release|Any CPU
		{1CC59484-A1AA-43FD-B202-1178B423B03A}.Debug|Any CPU.ActiveCfg = Debug|Any CPU
		{1CC59484-A1AA-43FD-B202-1178B423B03A}.Debug|Any CPU.Build.0 = Debug|Any CPU
		{1CC59484-A1AA-43FD-B202-1178B423B03A}.Release|Any CPU.ActiveCfg = Release|Any CPU
		{1CC59484-A1AA-43FD-B202-1178B423B03A}.Release|Any CPU.Build.0 = Release|Any CPU
		{58FC4F97-25D0-43A3-B728-3D98F2688D59}.Debug|Any CPU.ActiveCfg = Debug|Any CPU
		{58FC4F97-25D0-43A3-B728-3D98F2688D59}.Debug|Any CPU.Build.0 = Debug|Any CPU
		{58FC4F97-25D0-43A3-B728-3D98F2688D59}.Release|Any CPU.ActiveCfg = Release|Any CPU
		{58FC4F97-25D0-43A3-B728-3D98F2688D59}.Release|Any CPU.Build.0 = Release|Any CPU
		{19A3DE2B-5B53-484E-BF7A-44081DC6ABAF}.Debug|Any CPU.ActiveCfg = Debug|Any CPU
		{19A3DE2B-5B53-484E-BF7A-44081DC6ABAF}.Debug|Any CPU.Build.0 = Debug|Any CPU
		{19A3DE2B-5B53-484E-BF7A-44081DC6ABAF}.Release|Any CPU.ActiveCfg = Release|Any CPU
		{19A3DE2B-5B53-484E-BF7A-44081DC6ABAF}.Release|Any CPU.Build.0 = Release|Any CPU
		{75885841-59A0-4C53-812E-681D5056121A}.Debug|Any CPU.ActiveCfg = Debug|Any CPU
		{75885841-59A0-4C53-812E-681D5056121A}.Debug|Any CPU.Build.0 = Debug|Any CPU
		{75885841-59A0-4C53-812E-681D5056121A}.Release|Any CPU.ActiveCfg = Release|Any CPU
		{75885841-59A0-4C53-812E-681D5056121A}.Release|Any CPU.Build.0 = Release|Any CPU
		{965E6897-D6AB-48E4-A762-C2A4EBD43E4A}.Debug|Any CPU.ActiveCfg = Debug|Any CPU
		{965E6897-D6AB-48E4-A762-C2A4EBD43E4A}.Debug|Any CPU.Build.0 = Debug|Any CPU
		{965E6897-D6AB-48E4-A762-C2A4EBD43E4A}.Release|Any CPU.ActiveCfg = Release|Any CPU
		{965E6897-D6AB-48E4-A762-C2A4EBD43E4A}.Release|Any CPU.Build.0 = Release|Any CPU
		{B9188635-AB85-4EF0-A444-8BEA9F712212}.Debug|Any CPU.ActiveCfg = Debug|Any CPU
		{B9188635-AB85-4EF0-A444-8BEA9F712212}.Debug|Any CPU.Build.0 = Debug|Any CPU
		{B9188635-AB85-4EF0-A444-8BEA9F712212}.Release|Any CPU.ActiveCfg = Release|Any CPU
		{B9188635-AB85-4EF0-A444-8BEA9F712212}.Release|Any CPU.Build.0 = Release|Any CPU
		{2DD5BA6A-85E6-4F0B-865A-26493F900104}.Debug|Any CPU.ActiveCfg = Debug|Any CPU
		{2DD5BA6A-85E6-4F0B-865A-26493F900104}.Debug|Any CPU.Build.0 = Debug|Any CPU
		{2DD5BA6A-85E6-4F0B-865A-26493F900104}.Release|Any CPU.ActiveCfg = Release|Any CPU
		{2DD5BA6A-85E6-4F0B-865A-26493F900104}.Release|Any CPU.Build.0 = Release|Any CPU
	EndGlobalSection
	GlobalSection(SolutionProperties) = preSolution
		HideSolutionNode = FALSE
	EndGlobalSection
	GlobalSection(NestedProjects) = preSolution
		{1AC7D62F-7600-4871-9E59-C07369BC4245} = {02EA681E-C7D8-13C7-8484-4AC65E1B71E8}
		{0E57754C-12EF-4DA9-9A8D-F5F3349B96E0} = {1AC7D62F-7600-4871-9E59-C07369BC4245}
		{F00F7173-F005-4676-890E-B32F33F3302C} = {CB4F2B2A-8D7C-4CE4-8A3F-7EA8CA1ECE09}
		{657F7DB4-928C-4D43-921E-AB6FC85F83EB} = {02EA681E-C7D8-13C7-8484-4AC65E1B71E8}
		{7C7A781E-6820-4423-A2B4-C34668E1085B} = {657F7DB4-928C-4D43-921E-AB6FC85F83EB}
		{1DEEA5C9-D37B-44DE-B682-B686C2BF98ED} = {02EA681E-C7D8-13C7-8484-4AC65E1B71E8}
		{1CC59484-A1AA-43FD-B202-1178B423B03A} = {1DEEA5C9-D37B-44DE-B682-B686C2BF98ED}
		{C28CA97C-6B26-4BE4-8B54-1D304B922C41} = {02EA681E-C7D8-13C7-8484-4AC65E1B71E8}
		{58FC4F97-25D0-43A3-B728-3D98F2688D59} = {C28CA97C-6B26-4BE4-8B54-1D304B922C41}
		{19A3DE2B-5B53-484E-BF7A-44081DC6ABAF} = {C28CA97C-6B26-4BE4-8B54-1D304B922C41}
		{75885841-59A0-4C53-812E-681D5056121A} = {C28CA97C-6B26-4BE4-8B54-1D304B922C41}
		{965E6897-D6AB-48E4-A762-C2A4EBD43E4A} = {C28CA97C-6B26-4BE4-8B54-1D304B922C41}
		{B9188635-AB85-4EF0-A444-8BEA9F712212} = {CB4F2B2A-8D7C-4CE4-8A3F-7EA8CA1ECE09}
		{2DD5BA6A-85E6-4F0B-865A-26493F900104} = {98E26506-BE87-480F-90C8-1613A8E3A194}
	EndGlobalSection
	GlobalSection(ExtensibilityGlobals) = postSolution
		SolutionGuid = {9D70BA75-38E1-4769-A4F6-E83AD1A62CB3}
	EndGlobalSection
EndGlobal
